
Microsoft Visual Studio Solution File, Format Version 12.00
# Visual Studio Version 16
VisualStudioVersion = 16.0.31515.178
MinimumVisualStudioVersion = 10.0.40219.1
Project("{FAE04EC0-301F-11D3-BF4B-00C04F79EFBC}") = "NetClient", "NetClient.csproj", "{6935F938-C316-4FCA-A0E8-4AC158F8FFEC}"
EndProject
Global
	GlobalSection(SolutionConfigurationPlatforms) = preSolution
		Debug|Any CPU = Debug|Any CPU
		Release|Any CPU = Release|Any CPU
	EndGlobalSection
	GlobalSection(ProjectConfigurationPlatforms) = postSolution
		{6935F938-C316-4FCA-A0E8-4AC158F8FFEC}.Debug|Any CPU.ActiveCfg = Debug|Any CPU
		{6935F938-C316-4FCA-A0E8-4AC158F8FFEC}.Debug|Any CPU.Build.0 = Debug|Any CPU
		{6935F938-C316-4FCA-A0E8-4AC158F8FFEC}.Release|Any CPU.ActiveCfg = Release|Any CPU
		{6935F938-C316-4FCA-A0E8-4AC158F8FFEC}.Release|Any CPU.Build.0 = Release|Any CPU
	EndGlobalSection
	GlobalSection(SolutionProperties) = preSolution
		HideSolutionNode = FALSE
	EndGlobalSection
	GlobalSection(ExtensibilityGlobals) = postSolution
		SolutionGuid = {2A933279-06D9-46E8-AF73-986D2F87FF8F}
	EndGlobalSection
EndGlobal
